// !$*UTF8*$!
{
	archiveVersion = 1;
	classes = {
	};
	objectVersion = 48;
	objects = {

/* Begin PBXBuildFile section */
		EB4D4A622142BD4F0007C030 /* UTDID.framework in Frameworks */ = {isa = PBXBuildFile; fileRef = EB4D4A5E2142BD4F0007C030 /* UTDID.framework */; };
		EB4D4A632142BD4F0007C030 /* CloudPushSDK.framework in Frameworks */ = {isa = PBXBuildFile; fileRef = EB4D4A5F2142BD4F0007C030 /* CloudPushSDK.framework */; };
		EB4D4A642142BD4F0007C030 /* UTMini.framework in Frameworks */ = {isa = PBXBuildFile; fileRef = EB4D4A602142BD4F0007C030 /* UTMini.framework */; };
		EB4D4A652142BD4F0007C030 /* AlicloudUtils.framework in Frameworks */ = {isa = PBXBuildFile; fileRef = EB4D4A612142BD4F0007C030 /* AlicloudUtils.framework */; };
		EB4D4A672142BD830007C030 /* libz.tbd in Frameworks */ = {isa = PBXBuildFile; fileRef = EB4D4A662142BD830007C030 /* libz.tbd */; };
		EB4D4A692142BDB20007C030 /* libresolv.tbd in Frameworks */ = {isa = PBXBuildFile; fileRef = EB4D4A682142BDB20007C030 /* libresolv.tbd */; };
		EB4D4A6B2142BDC90007C030 /* libsqlite3.tbd in Frameworks */ = {isa = PBXBuildFile; fileRef = EB4D4A6A2142BDC90007C030 /* libsqlite3.tbd */; };
		EB4F4C0C2140E46F00AA54F0 /* Cartography.framework in Frameworks */ = {isa = PBXBuildFile; fileRef = EB4F4C0B2140E46F00AA54F0 /* Cartography.framework */; };
		EB4F4C0E21411F4F00AA54F0 /* HUD.swift in Sources */ = {isa = PBXBuildFile; fileRef = EB4F4C0D21411F4F00AA54F0 /* HUD.swift */; };
		EB4F4C1021411FFE00AA54F0 /* ScreenInfo.swift in Sources */ = {isa = PBXBuildFile; fileRef = EB4F4C0F21411FFE00AA54F0 /* ScreenInfo.swift */; };
		EB4F4C122141222900AA54F0 /* FZGNetManager.swift in Sources */ = {isa = PBXBuildFile; fileRef = EB4F4C112141222900AA54F0 /* FZGNetManager.swift */; };
		EB4F4C14214124AC00AA54F0 /* CocoaLumberjackSwift.framework in Frameworks */ = {isa = PBXBuildFile; fileRef = EB4F4C13214124AC00AA54F0 /* CocoaLumberjackSwift.framework */; };
		EB4F4C1621412A5000AA54F0 /* CocoaLumberjack.framework in Frameworks */ = {isa = PBXBuildFile; fileRef = EB4F4C1521412A5000AA54F0 /* CocoaLumberjack.framework */; };
		EB4F4C1F214130F000AA54F0 /* FZGNavigationViewController.swift in Sources */ = {isa = PBXBuildFile; fileRef = EB4F4C1E214130F000AA54F0 /* FZGNavigationViewController.swift */; };
		EB4F4C212141322100AA54F0 /* UIImage+Color.swift in Sources */ = {isa = PBXBuildFile; fileRef = EB4F4C202141322100AA54F0 /* UIImage+Color.swift */; };
		EB4F4C2421417E9F00AA54F0 /* UIViewController+Nav.swift in Sources */ = {isa = PBXBuildFile; fileRef = EB4F4C2321417E9F00AA54F0 /* UIViewController+Nav.swift */; };
		EB4F4C272141827800AA54F0 /* FZGMainViewController.swift in Sources */ = {isa = PBXBuildFile; fileRef = EB4F4C252141827800AA54F0 /* FZGMainViewController.swift */; };
		EB4F4C282141827800AA54F0 /* FZGMainViewController.xib in Resources */ = {isa = PBXBuildFile; fileRef = EB4F4C262141827800AA54F0 /* FZGMainViewController.xib */; };
		EB4F4C2A21418BFA00AA54F0 /* FZGMessageCenterViewController.swift in Sources */ = {isa = PBXBuildFile; fileRef = EB4F4C2921418BFA00AA54F0 /* FZGMessageCenterViewController.swift */; };
		EB4F4C2C214195C200AA54F0 /* FZGMessageDetailViewController.swift in Sources */ = {isa = PBXBuildFile; fileRef = EB4F4C2B214195C200AA54F0 /* FZGMessageDetailViewController.swift */; };
		EB4F4C3721419FC300AA54F0 /* FZGMessageTitleTableViewCell.swift in Sources */ = {isa = PBXBuildFile; fileRef = EB4F4C3521419FC300AA54F0 /* FZGMessageTitleTableViewCell.swift */; };
		EB4F4C3821419FC300AA54F0 /* FZGMessageTitleTableViewCell.xib in Resources */ = {isa = PBXBuildFile; fileRef = EB4F4C3621419FC300AA54F0 /* FZGMessageTitleTableViewCell.xib */; };
		EB4F4C3B2141A45A00AA54F0 /* FZGMessageTableViewCell.swift in Sources */ = {isa = PBXBuildFile; fileRef = EB4F4C392141A45A00AA54F0 /* FZGMessageTableViewCell.swift */; };
		EB4F4C3C2141A45A00AA54F0 /* FZGMessageTableViewCell.xib in Resources */ = {isa = PBXBuildFile; fileRef = EB4F4C3A2141A45A00AA54F0 /* FZGMessageTableViewCell.xib */; };
		EB4F4C3F2142199900AA54F0 /* FZGMessageFooterTableViewCell.swift in Sources */ = {isa = PBXBuildFile; fileRef = EB4F4C3D2142199900AA54F0 /* FZGMessageFooterTableViewCell.swift */; };
		EB4F4C402142199900AA54F0 /* FZGMessageFooterTableViewCell.xib in Resources */ = {isa = PBXBuildFile; fileRef = EB4F4C3E2142199900AA54F0 /* FZGMessageFooterTableViewCell.xib */; };
		EBB7F7D0214044D0009CA91D /* Cartfile.resolved in Resources */ = {isa = PBXBuildFile; fileRef = EBB7F7CE214044D0009CA91D /* Cartfile.resolved */; };
		EBB7F7D1214044D0009CA91D /* Cartfile in Resources */ = {isa = PBXBuildFile; fileRef = EBB7F7CF214044D0009CA91D /* Cartfile */; };
		EBB7F7D821404541009CA91D /* Kingfisher.framework in Frameworks */ = {isa = PBXBuildFile; fileRef = EBB7F7D321404541009CA91D /* Kingfisher.framework */; };
		EBB7F7D921404541009CA91D /* MBProgressHUD.framework in Frameworks */ = {isa = PBXBuildFile; fileRef = EBB7F7D421404541009CA91D /* MBProgressHUD.framework */; };
		EBB7F7DA21404541009CA91D /* Alamofire.framework in Frameworks */ = {isa = PBXBuildFile; fileRef = EBB7F7D521404541009CA91D /* Alamofire.framework */; };
		EBB7F7DB21404541009CA91D /* IQKeyboardManagerSwift.framework in Frameworks */ = {isa = PBXBuildFile; fileRef = EBB7F7D621404541009CA91D /* IQKeyboardManagerSwift.framework */; };
		EBB7F7DC21404541009CA91D /* SwiftyJSON.framework in Frameworks */ = {isa = PBXBuildFile; fileRef = EBB7F7D721404541009CA91D /* SwiftyJSON.framework */; };
		EBB7F7DE214047A6009CA91D /* FZGLoginViewController.swift in Sources */ = {isa = PBXBuildFile; fileRef = EBB7F7DD214047A6009CA91D /* FZGLoginViewController.swift */; };
		EBB7F7E02140496B009CA91D /* FZGLaunchViewController.swift in Sources */ = {isa = PBXBuildFile; fileRef = EBB7F7DF2140496B009CA91D /* FZGLaunchViewController.swift */; };
		EBB7F7E221404E58009CA91D /* UIColor+Hex.swift in Sources */ = {isa = PBXBuildFile; fileRef = EBB7F7E121404E58009CA91D /* UIColor+Hex.swift */; };
		EBB7F7E52140E025009CA91D /* SnapKit.framework in Frameworks */ = {isa = PBXBuildFile; fileRef = EBB7F7E42140E025009CA91D /* SnapKit.framework */; };
		EBFBC654213FD92F000CFD10 /* AppDelegate.swift in Sources */ = {isa = PBXBuildFile; fileRef = EBFBC653213FD92F000CFD10 /* AppDelegate.swift */; };
		EBFBC656213FD92F000CFD10 /* ViewController.swift in Sources */ = {isa = PBXBuildFile; fileRef = EBFBC655213FD92F000CFD10 /* ViewController.swift */; };
		EBFBC659213FD92F000CFD10 /* Main.storyboard in Resources */ = {isa = PBXBuildFile; fileRef = EBFBC657213FD92F000CFD10 /* Main.storyboard */; };
		EBFBC65C213FD92F000CFD10 /* fzg.xcdatamodeld in Sources */ = {isa = PBXBuildFile; fileRef = EBFBC65A213FD92F000CFD10 /* fzg.xcdatamodeld */; };
		EBFBC65E213FD92F000CFD10 /* Assets.xcassets in Resources */ = {isa = PBXBuildFile; fileRef = EBFBC65D213FD92F000CFD10 /* Assets.xcassets */; };
		EBFBC661213FD92F000CFD10 /* LaunchScreen.storyboard in Resources */ = {isa = PBXBuildFile; fileRef = EBFBC65F213FD92F000CFD10 /* LaunchScreen.storyboard */; };
		EBFBC66C213FD930000CFD10 /* fzgTests.swift in Sources */ = {isa = PBXBuildFile; fileRef = EBFBC66B213FD930000CFD10 /* fzgTests.swift */; };
		EBFBC677213FD930000CFD10 /* fzgUITests.swift in Sources */ = {isa = PBXBuildFile; fileRef = EBFBC676213FD930000CFD10 /* fzgUITests.swift */; };
/* End PBXBuildFile section */

/* Begin PBXContainerItemProxy section */
		EBFBC668213FD930000CFD10 /* PBXContainerItemProxy */ = {
			isa = PBXContainerItemProxy;
			containerPortal = EBFBC648213FD92F000CFD10 /* Project object */;
			proxyType = 1;
			remoteGlobalIDString = EBFBC64F213FD92F000CFD10;
			remoteInfo = fzg;
		};
		EBFBC673213FD930000CFD10 /* PBXContainerItemProxy */ = {
			isa = PBXContainerItemProxy;
			containerPortal = EBFBC648213FD92F000CFD10 /* Project object */;
			proxyType = 1;
			remoteGlobalIDString = EBFBC64F213FD92F000CFD10;
			remoteInfo = fzg;
		};
/* End PBXContainerItemProxy section */

/* Begin PBXFileReference section */
		EB4D4A5D2142B1860007C030 /* fzg.entitlements */ = {isa = PBXFileReference; lastKnownFileType = text.plist.entitlements; path = fzg.entitlements; sourceTree = "<group>"; };
		EB4D4A5E2142BD4F0007C030 /* UTDID.framework */ = {isa = PBXFileReference; lastKnownFileType = wrapper.framework; name = UTDID.framework; path = OneSDK/UTDID.framework; sourceTree = "<group>"; };
		EB4D4A5F2142BD4F0007C030 /* CloudPushSDK.framework */ = {isa = PBXFileReference; lastKnownFileType = wrapper.framework; name = CloudPushSDK.framework; path = OneSDK/CloudPushSDK.framework; sourceTree = "<group>"; };
		EB4D4A602142BD4F0007C030 /* UTMini.framework */ = {isa = PBXFileReference; lastKnownFileType = wrapper.framework; name = UTMini.framework; path = OneSDK/UTMini.framework; sourceTree = "<group>"; };
		EB4D4A612142BD4F0007C030 /* AlicloudUtils.framework */ = {isa = PBXFileReference; lastKnownFileType = wrapper.framework; name = AlicloudUtils.framework; path = OneSDK/AlicloudUtils.framework; sourceTree = "<group>"; };
		EB4D4A662142BD830007C030 /* libz.tbd */ = {isa = PBXFileReference; lastKnownFileType = "sourcecode.text-based-dylib-definition"; name = libz.tbd; path = usr/lib/libz.tbd; sourceTree = SDKROOT; };
		EB4D4A682142BDB20007C030 /* libresolv.tbd */ = {isa = PBXFileReference; lastKnownFileType = "sourcecode.text-based-dylib-definition"; name = libresolv.tbd; path = usr/lib/libresolv.tbd; sourceTree = SDKROOT; };
		EB4D4A6A2142BDC90007C030 /* libsqlite3.tbd */ = {isa = PBXFileReference; lastKnownFileType = "sourcecode.text-based-dylib-definition"; name = libsqlite3.tbd; path = usr/lib/libsqlite3.tbd; sourceTree = SDKROOT; };
		EB4D4A6C2142BDDD0007C030 /* CoreTelephony.framework */ = {isa = PBXFileReference; lastKnownFileType = wrapper.framework; name = CoreTelephony.framework; path = System/Library/Frameworks/CoreTelephony.framework; sourceTree = SDKROOT; };
		EB4D4A6D2142BDE90007C030 /* SystemConfiguration.framework */ = {isa = PBXFileReference; lastKnownFileType = wrapper.framework; name = SystemConfiguration.framework; path = System/Library/Frameworks/SystemConfiguration.framework; sourceTree = SDKROOT; };
		EB4F4C0B2140E46F00AA54F0 /* Cartography.framework */ = {isa = PBXFileReference; lastKnownFileType = wrapper.framework; name = Cartography.framework; path = Carthage/Build/iOS/Cartography.framework; sourceTree = "<group>"; };
		EB4F4C0D21411F4F00AA54F0 /* HUD.swift */ = {isa = PBXFileReference; fileEncoding = 4; lastKnownFileType = sourcecode.swift; path = HUD.swift; sourceTree = "<group>"; };
		EB4F4C0F21411FFE00AA54F0 /* ScreenInfo.swift */ = {isa = PBXFileReference; fileEncoding = 4; lastKnownFileType = sourcecode.swift; path = ScreenInfo.swift; sourceTree = "<group>"; };
		EB4F4C112141222900AA54F0 /* FZGNetManager.swift */ = {isa = PBXFileReference; lastKnownFileType = sourcecode.swift; path = FZGNetManager.swift; sourceTree = "<group>"; };
		EB4F4C13214124AC00AA54F0 /* CocoaLumberjackSwift.framework */ = {isa = PBXFileReference; lastKnownFileType = wrapper.framework; name = CocoaLumberjackSwift.framework; path = Carthage/Build/iOS/CocoaLumberjackSwift.framework; sourceTree = "<group>"; };
		EB4F4C1521412A5000AA54F0 /* CocoaLumberjack.framework */ = {isa = PBXFileReference; lastKnownFileType = wrapper.framework; name = CocoaLumberjack.framework; path = Carthage/Build/iOS/CocoaLumberjack.framework; sourceTree = "<group>"; };
		EB4F4C1E214130F000AA54F0 /* FZGNavigationViewController.swift */ = {isa = PBXFileReference; lastKnownFileType = sourcecode.swift; path = FZGNavigationViewController.swift; sourceTree = "<group>"; };
		EB4F4C202141322100AA54F0 /* UIImage+Color.swift */ = {isa = PBXFileReference; lastKnownFileType = sourcecode.swift; path = "UIImage+Color.swift"; sourceTree = "<group>"; };
		EB4F4C2321417E9F00AA54F0 /* UIViewController+Nav.swift */ = {isa = PBXFileReference; lastKnownFileType = sourcecode.swift; path = "UIViewController+Nav.swift"; sourceTree = "<group>"; };
		EB4F4C252141827800AA54F0 /* FZGMainViewController.swift */ = {isa = PBXFileReference; lastKnownFileType = sourcecode.swift; path = FZGMainViewController.swift; sourceTree = "<group>"; };
		EB4F4C262141827800AA54F0 /* FZGMainViewController.xib */ = {isa = PBXFileReference; lastKnownFileType = file.xib; path = FZGMainViewController.xib; sourceTree = "<group>"; };
		EB4F4C2921418BFA00AA54F0 /* FZGMessageCenterViewController.swift */ = {isa = PBXFileReference; lastKnownFileType = sourcecode.swift; path = FZGMessageCenterViewController.swift; sourceTree = "<group>"; };
		EB4F4C2B214195C200AA54F0 /* FZGMessageDetailViewController.swift */ = {isa = PBXFileReference; lastKnownFileType = sourcecode.swift; path = FZGMessageDetailViewController.swift; sourceTree = "<group>"; };
		EB4F4C3521419FC300AA54F0 /* FZGMessageTitleTableViewCell.swift */ = {isa = PBXFileReference; lastKnownFileType = sourcecode.swift; path = FZGMessageTitleTableViewCell.swift; sourceTree = "<group>"; };
		EB4F4C3621419FC300AA54F0 /* FZGMessageTitleTableViewCell.xib */ = {isa = PBXFileReference; lastKnownFileType = file.xib; path = FZGMessageTitleTableViewCell.xib; sourceTree = "<group>"; };
		EB4F4C392141A45A00AA54F0 /* FZGMessageTableViewCell.swift */ = {isa = PBXFileReference; lastKnownFileType = sourcecode.swift; path = FZGMessageTableViewCell.swift; sourceTree = "<group>"; };
		EB4F4C3A2141A45A00AA54F0 /* FZGMessageTableViewCell.xib */ = {isa = PBXFileReference; lastKnownFileType = file.xib; path = FZGMessageTableViewCell.xib; sourceTree = "<group>"; };
		EB4F4C3D2142199900AA54F0 /* FZGMessageFooterTableViewCell.swift */ = {isa = PBXFileReference; lastKnownFileType = sourcecode.swift; path = FZGMessageFooterTableViewCell.swift; sourceTree = "<group>"; };
		EB4F4C3E2142199900AA54F0 /* FZGMessageFooterTableViewCell.xib */ = {isa = PBXFileReference; lastKnownFileType = file.xib; path = FZGMessageFooterTableViewCell.xib; sourceTree = "<group>"; };
		EBB7F7CE214044D0009CA91D /* Cartfile.resolved */ = {isa = PBXFileReference; fileEncoding = 4; lastKnownFileType = text; path = Cartfile.resolved; sourceTree = "<group>"; };
		EBB7F7CF214044D0009CA91D /* Cartfile */ = {isa = PBXFileReference; fileEncoding = 4; lastKnownFileType = text; path = Cartfile; sourceTree = "<group>"; };
		EBB7F7D321404541009CA91D /* Kingfisher.framework */ = {isa = PBXFileReference; lastKnownFileType = wrapper.framework; name = Kingfisher.framework; path = Carthage/Build/iOS/Kingfisher.framework; sourceTree = "<group>"; };
		EBB7F7D421404541009CA91D /* MBProgressHUD.framework */ = {isa = PBXFileReference; lastKnownFileType = wrapper.framework; name = MBProgressHUD.framework; path = Carthage/Build/iOS/MBProgressHUD.framework; sourceTree = "<group>"; };
		EBB7F7D521404541009CA91D /* Alamofire.framework */ = {isa = PBXFileReference; lastKnownFileType = wrapper.framework; name = Alamofire.framework; path = Carthage/Build/iOS/Alamofire.framework; sourceTree = "<group>"; };
		EBB7F7D621404541009CA91D /* IQKeyboardManagerSwift.framework */ = {isa = PBXFileReference; lastKnownFileType = wrapper.framework; name = IQKeyboardManagerSwift.framework; path = Carthage/Build/iOS/IQKeyboardManagerSwift.framework; sourceTree = "<group>"; };
		EBB7F7D721404541009CA91D /* SwiftyJSON.framework */ = {isa = PBXFileReference; lastKnownFileType = wrapper.framework; name = SwiftyJSON.framework; path = Carthage/Build/iOS/SwiftyJSON.framework; sourceTree = "<group>"; };
		EBB7F7DD214047A6009CA91D /* FZGLoginViewController.swift */ = {isa = PBXFileReference; lastKnownFileType = sourcecode.swift; path = FZGLoginViewController.swift; sourceTree = "<group>"; };
		EBB7F7DF2140496B009CA91D /* FZGLaunchViewController.swift */ = {isa = PBXFileReference; lastKnownFileType = sourcecode.swift; path = FZGLaunchViewController.swift; sourceTree = "<group>"; };
		EBB7F7E121404E58009CA91D /* UIColor+Hex.swift */ = {isa = PBXFileReference; lastKnownFileType = sourcecode.swift; path = "UIColor+Hex.swift"; sourceTree = "<group>"; };
		EBB7F7E42140E025009CA91D /* SnapKit.framework */ = {isa = PBXFileReference; lastKnownFileType = wrapper.framework; name = SnapKit.framework; path = Carthage/Build/iOS/SnapKit.framework; sourceTree = "<group>"; };
		EBFBC650213FD92F000CFD10 /* fzg.app */ = {isa = PBXFileReference; explicitFileType = wrapper.application; includeInIndex = 0; path = fzg.app; sourceTree = BUILT_PRODUCTS_DIR; };
		EBFBC653213FD92F000CFD10 /* AppDelegate.swift */ = {isa = PBXFileReference; lastKnownFileType = sourcecode.swift; path = AppDelegate.swift; sourceTree = "<group>"; };
		EBFBC655213FD92F000CFD10 /* ViewController.swift */ = {isa = PBXFileReference; lastKnownFileType = sourcecode.swift; path = ViewController.swift; sourceTree = "<group>"; };
		EBFBC658213FD92F000CFD10 /* Base */ = {isa = PBXFileReference; lastKnownFileType = file.storyboard; name = Base; path = Base.lproj/Main.storyboard; sourceTree = "<group>"; };
		EBFBC65B213FD92F000CFD10 /* fzg.xcdatamodel */ = {isa = PBXFileReference; lastKnownFileType = wrapper.xcdatamodel; path = fzg.xcdatamodel; sourceTree = "<group>"; };
		EBFBC65D213FD92F000CFD10 /* Assets.xcassets */ = {isa = PBXFileReference; lastKnownFileType = folder.assetcatalog; path = Assets.xcassets; sourceTree = "<group>"; };
		EBFBC660213FD92F000CFD10 /* Base */ = {isa = PBXFileReference; lastKnownFileType = file.storyboard; name = Base; path = Base.lproj/LaunchScreen.storyboard; sourceTree = "<group>"; };
		EBFBC662213FD92F000CFD10 /* Info.plist */ = {isa = PBXFileReference; lastKnownFileType = text.plist.xml; path = Info.plist; sourceTree = "<group>"; };
		EBFBC667213FD930000CFD10 /* fzgTests.xctest */ = {isa = PBXFileReference; explicitFileType = wrapper.cfbundle; includeInIndex = 0; path = fzgTests.xctest; sourceTree = BUILT_PRODUCTS_DIR; };
		EBFBC66B213FD930000CFD10 /* fzgTests.swift */ = {isa = PBXFileReference; lastKnownFileType = sourcecode.swift; path = fzgTests.swift; sourceTree = "<group>"; };
		EBFBC66D213FD930000CFD10 /* Info.plist */ = {isa = PBXFileReference; lastKnownFileType = text.plist.xml; path = Info.plist; sourceTree = "<group>"; };
		EBFBC672213FD930000CFD10 /* fzgUITests.xctest */ = {isa = PBXFileReference; explicitFileType = wrapper.cfbundle; includeInIndex = 0; path = fzgUITests.xctest; sourceTree = BUILT_PRODUCTS_DIR; };
		EBFBC676213FD930000CFD10 /* fzgUITests.swift */ = {isa = PBXFileReference; lastKnownFileType = sourcecode.swift; path = fzgUITests.swift; sourceTree = "<group>"; };
		EBFBC678213FD930000CFD10 /* Info.plist */ = {isa = PBXFileReference; lastKnownFileType = text.plist.xml; path = Info.plist; sourceTree = "<group>"; };
/* End PBXFileReference section */

/* Begin PBXFrameworksBuildPhase section */
		EBFBC64D213FD92F000CFD10 /* Frameworks */ = {
			isa = PBXFrameworksBuildPhase;
			buildActionMask = 2147483647;
			files = (
				EB4D4A622142BD4F0007C030 /* UTDID.framework in Frameworks */,
				EB4D4A632142BD4F0007C030 /* CloudPushSDK.framework in Frameworks */,
				EB4D4A6B2142BDC90007C030 /* libsqlite3.tbd in Frameworks */,
				EB4D4A692142BDB20007C030 /* libresolv.tbd in Frameworks */,
				EB4D4A642142BD4F0007C030 /* UTMini.framework in Frameworks */,
				EB4D4A652142BD4F0007C030 /* AlicloudUtils.framework in Frameworks */,
				EB4F4C1621412A5000AA54F0 /* CocoaLumberjack.framework in Frameworks */,
				EB4F4C14214124AC00AA54F0 /* CocoaLumberjackSwift.framework in Frameworks */,
				EB4F4C0C2140E46F00AA54F0 /* Cartography.framework in Frameworks */,
				EBB7F7E52140E025009CA91D /* SnapKit.framework in Frameworks */,
				EBB7F7D821404541009CA91D /* Kingfisher.framework in Frameworks */,
				EB4D4A672142BD830007C030 /* libz.tbd in Frameworks */,
				EBB7F7D921404541009CA91D /* MBProgressHUD.framework in Frameworks */,
				EBB7F7DA21404541009CA91D /* Alamofire.framework in Frameworks */,
				EBB7F7DB21404541009CA91D /* IQKeyboardManagerSwift.framework in Frameworks */,
				EBB7F7DC21404541009CA91D /* SwiftyJSON.framework in Frameworks */,
			);
			runOnlyForDeploymentPostprocessing = 0;
		};
		EBFBC664213FD930000CFD10 /* Frameworks */ = {
			isa = PBXFrameworksBuildPhase;
			buildActionMask = 2147483647;
			files = (
			);
			runOnlyForDeploymentPostprocessing = 0;
		};
		EBFBC66F213FD930000CFD10 /* Frameworks */ = {
			isa = PBXFrameworksBuildPhase;
			buildActionMask = 2147483647;
			files = (
			);
			runOnlyForDeploymentPostprocessing = 0;
		};
/* End PBXFrameworksBuildPhase section */

/* Begin PBXGroup section */
		EB4F4C1721412EA100AA54F0 /* Resources */ = {
			isa = PBXGroup;
			children = (
				EBFBC65D213FD92F000CFD10 /* Assets.xcassets */,
			);
			path = "\bResources";
			sourceTree = "<group>";
		};
		EB4F4C1821412FCE00AA54F0 /* Sources */ = {
			isa = PBXGroup;
			children = (
				EB4F4C2221417E7700AA54F0 /* Extension */,
				EB4F4C1D2141309B00AA54F0 /* Net */,
				EB4F4C1A2141304000AA54F0 /* Main */,
				EBFBC65F213FD92F000CFD10 /* LaunchScreen.storyboard */,
				EB4F4C0F21411FFE00AA54F0 /* ScreenInfo.swift */,
				EB4F4C0D21411F4F00AA54F0 /* HUD.swift */,
				EBFBC653213FD92F000CFD10 /* AppDelegate.swift */,
				EBB7F7DD214047A6009CA91D /* FZGLoginViewController.swift */,
				EBB7F7DF2140496B009CA91D /* FZGLaunchViewController.swift */,
			);
			path = Sources;
			sourceTree = "<group>";
		};
		EB4F4C1921412FD400AA54F0 /* Supporting Files */ = {
			isa = PBXGroup;
			children = (
				EBFBC662213FD92F000CFD10 /* Info.plist */,
				EBFBC65A213FD92F000CFD10 /* fzg.xcdatamodeld */,
			);
			path = "Supporting Files";
			sourceTree = "<group>";
		};
		EB4F4C1A2141304000AA54F0 /* Main */ = {
			isa = PBXGroup;
			children = (
				EB4F4C1E214130F000AA54F0 /* FZGNavigationViewController.swift */,
				EB4F4C252141827800AA54F0 /* FZGMainViewController.swift */,
				EB4F4C262141827800AA54F0 /* FZGMainViewController.xib */,
				EB4F4C2921418BFA00AA54F0 /* FZGMessageCenterViewController.swift */,
				EB4F4C2B214195C200AA54F0 /* FZGMessageDetailViewController.swift */,
				EB4F4C3521419FC300AA54F0 /* FZGMessageTitleTableViewCell.swift */,
				EB4F4C3621419FC300AA54F0 /* FZGMessageTitleTableViewCell.xib */,
				EB4F4C392141A45A00AA54F0 /* FZGMessageTableViewCell.swift */,
				EB4F4C3A2141A45A00AA54F0 /* FZGMessageTableViewCell.xib */,
				EB4F4C3D2142199900AA54F0 /* FZGMessageFooterTableViewCell.swift */,
				EB4F4C3E2142199900AA54F0 /* FZGMessageFooterTableViewCell.xib */,
			);
			path = Main;
			sourceTree = "<group>";
		};
		EB4F4C1D2141309B00AA54F0 /* Net */ = {
			isa = PBXGroup;
			children = (
				EB4F4C112141222900AA54F0 /* FZGNetManager.swift */,
			);
			path = Net;
			sourceTree = "<group>";
		};
		EB4F4C2221417E7700AA54F0 /* Extension */ = {
			isa = PBXGroup;
			children = (
				EBB7F7E121404E58009CA91D /* UIColor+Hex.swift */,
				EB4F4C202141322100AA54F0 /* UIImage+Color.swift */,
				EB4F4C2321417E9F00AA54F0 /* UIViewController+Nav.swift */,
			);
			path = Extension;
			sourceTree = "<group>";
		};
		EBB7F7D221404540009CA91D /* Frameworks */ = {
			isa = PBXGroup;
			children = (
				EB4D4A6D2142BDE90007C030 /* SystemConfiguration.framework */,
				EB4D4A6C2142BDDD0007C030 /* CoreTelephony.framework */,
				EB4D4A6A2142BDC90007C030 /* libsqlite3.tbd */,
				EB4D4A682142BDB20007C030 /* libresolv.tbd */,
				EB4D4A662142BD830007C030 /* libz.tbd */,
				EB4D4A612142BD4F0007C030 /* AlicloudUtils.framework */,
				EB4D4A5F2142BD4F0007C030 /* CloudPushSDK.framework */,
				EB4D4A5E2142BD4F0007C030 /* UTDID.framework */,
				EB4D4A602142BD4F0007C030 /* UTMini.framework */,
				EB4F4C1521412A5000AA54F0 /* CocoaLumberjack.framework */,
				EB4F4C13214124AC00AA54F0 /* CocoaLumberjackSwift.framework */,
				EB4F4C0B2140E46F00AA54F0 /* Cartography.framework */,
				EBB7F7E42140E025009CA91D /* SnapKit.framework */,
				EBB7F7D521404541009CA91D /* Alamofire.framework */,
				EBB7F7D621404541009CA91D /* IQKeyboardManagerSwift.framework */,
				EBB7F7D321404541009CA91D /* Kingfisher.framework */,
				EBB7F7D421404541009CA91D /* MBProgressHUD.framework */,
				EBB7F7D721404541009CA91D /* SwiftyJSON.framework */,
			);
			name = Frameworks;
			sourceTree = "<group>";
		};
		EBFBC647213FD92F000CFD10 = {
			isa = PBXGroup;
			children = (
				EBB7F7CF214044D0009CA91D /* Cartfile */,
				EBB7F7CE214044D0009CA91D /* Cartfile.resolved */,
				EBFBC652213FD92F000CFD10 /* fzg */,
				EBFBC66A213FD930000CFD10 /* fzgTests */,
				EBFBC675213FD930000CFD10 /* fzgUITests */,
				EBFBC651213FD92F000CFD10 /* Products */,
				EBB7F7D221404540009CA91D /* Frameworks */,
			);
			sourceTree = "<group>";
		};
		EBFBC651213FD92F000CFD10 /* Products */ = {
			isa = PBXGroup;
			children = (
				EBFBC650213FD92F000CFD10 /* fzg.app */,
				EBFBC667213FD930000CFD10 /* fzgTests.xctest */,
				EBFBC672213FD930000CFD10 /* fzgUITests.xctest */,
			);
			name = Products;
			sourceTree = "<group>";
		};
		EBFBC652213FD92F000CFD10 /* fzg */ = {
			isa = PBXGroup;
			children = (
				EB4D4A5D2142B1860007C030 /* fzg.entitlements */,
				EB4F4C1921412FD400AA54F0 /* Supporting Files */,
				EB4F4C1821412FCE00AA54F0 /* Sources */,
				EB4F4C1721412EA100AA54F0 /* Resources */,
				EBFBC655213FD92F000CFD10 /* ViewController.swift */,
				EBFBC657213FD92F000CFD10 /* Main.storyboard */,
			);
			path = fzg;
			sourceTree = "<group>";
		};
		EBFBC66A213FD930000CFD10 /* fzgTests */ = {
			isa = PBXGroup;
			children = (
				EBFBC66B213FD930000CFD10 /* fzgTests.swift */,
				EBFBC66D213FD930000CFD10 /* Info.plist */,
			);
			path = fzgTests;
			sourceTree = "<group>";
		};
		EBFBC675213FD930000CFD10 /* fzgUITests */ = {
			isa = PBXGroup;
			children = (
				EBFBC676213FD930000CFD10 /* fzgUITests.swift */,
				EBFBC678213FD930000CFD10 /* Info.plist */,
			);
			path = fzgUITests;
			sourceTree = "<group>";
		};
/* End PBXGroup section */

/* Begin PBXNativeTarget section */
		EBFBC64F213FD92F000CFD10 /* fzg */ = {
			isa = PBXNativeTarget;
			buildConfigurationList = EBFBC67B213FD930000CFD10 /* Build configuration list for PBXNativeTarget "fzg" */;
			buildPhases = (
				EBFBC64C213FD92F000CFD10 /* Sources */,
				EBFBC64D213FD92F000CFD10 /* Frameworks */,
				EBFBC64E213FD92F000CFD10 /* Resources */,
				EBB7F7E321404F67009CA91D /* Copy Frameworks and DSYMs */,
			);
			buildRules = (
			);
			dependencies = (
			);
			name = fzg;
			productName = fzg;
			productReference = EBFBC650213FD92F000CFD10 /* fzg.app */;
			productType = "com.apple.product-type.application";
		};
		EBFBC666213FD930000CFD10 /* fzgTests */ = {
			isa = PBXNativeTarget;
			buildConfigurationList = EBFBC67E213FD930000CFD10 /* Build configuration list for PBXNativeTarget "fzgTests" */;
			buildPhases = (
				EBFBC663213FD930000CFD10 /* Sources */,
				EBFBC664213FD930000CFD10 /* Frameworks */,
				EBFBC665213FD930000CFD10 /* Resources */,
			);
			buildRules = (
			);
			dependencies = (
				EBFBC669213FD930000CFD10 /* PBXTargetDependency */,
			);
			name = fzgTests;
			productName = fzgTests;
			productReference = EBFBC667213FD930000CFD10 /* fzgTests.xctest */;
			productType = "com.apple.product-type.bundle.unit-test";
		};
		EBFBC671213FD930000CFD10 /* fzgUITests */ = {
			isa = PBXNativeTarget;
			buildConfigurationList = EBFBC681213FD930000CFD10 /* Build configuration list for PBXNativeTarget "fzgUITests" */;
			buildPhases = (
				EBFBC66E213FD930000CFD10 /* Sources */,
				EBFBC66F213FD930000CFD10 /* Frameworks */,
				EBFBC670213FD930000CFD10 /* Resources */,
			);
			buildRules = (
			);
			dependencies = (
				EBFBC674213FD930000CFD10 /* PBXTargetDependency */,
			);
			name = fzgUITests;
			productName = fzgUITests;
			productReference = EBFBC672213FD930000CFD10 /* fzgUITests.xctest */;
			productType = "com.apple.product-type.bundle.ui-testing";
		};
/* End PBXNativeTarget section */

/* Begin PBXProject section */
		EBFBC648213FD92F000CFD10 /* Project object */ = {
			isa = PBXProject;
			attributes = {
				CLASSPREFIX = FZG;
				LastSwiftUpdateCheck = 0900;
				LastUpgradeCheck = 0900;
				ORGANIZATIONNAME = fuiou;
				TargetAttributes = {
					EBFBC64F213FD92F000CFD10 = {
						CreatedOnToolsVersion = 9.0.1;
						ProvisioningStyle = Automatic;
						SystemCapabilities = {
							com.apple.BackgroundModes = {
								enabled = 1;
							};
							com.apple.Push = {
								enabled = 1;
							};
						};
					};
					EBFBC666213FD930000CFD10 = {
						CreatedOnToolsVersion = 9.0.1;
						ProvisioningStyle = Automatic;
						TestTargetID = EBFBC64F213FD92F000CFD10;
					};
					EBFBC671213FD930000CFD10 = {
						CreatedOnToolsVersion = 9.0.1;
						ProvisioningStyle = Automatic;
						TestTargetID = EBFBC64F213FD92F000CFD10;
					};
				};
			};
			buildConfigurationList = EBFBC64B213FD92F000CFD10 /* Build configuration list for PBXProject "fzg" */;
			compatibilityVersion = "Xcode 8.0";
			developmentRegion = en;
			hasScannedForEncodings = 0;
			knownRegions = (
				en,
				Base,
			);
			mainGroup = EBFBC647213FD92F000CFD10;
			productRefGroup = EBFBC651213FD92F000CFD10 /* Products */;
			projectDirPath = "";
			projectRoot = "";
			targets = (
				EBFBC64F213FD92F000CFD10 /* fzg */,
				EBFBC666213FD930000CFD10 /* fzgTests */,
				EBFBC671213FD930000CFD10 /* fzgUITests */,
			);
		};
/* End PBXProject section */

/* Begin PBXResourcesBuildPhase section */
		EBFBC64E213FD92F000CFD10 /* Resources */ = {
			isa = PBXResourcesBuildPhase;
			buildActionMask = 2147483647;
			files = (
				EBB7F7D1214044D0009CA91D /* Cartfile in Resources */,
				EBFBC661213FD92F000CFD10 /* LaunchScreen.storyboard in Resources */,
				EBB7F7D0214044D0009CA91D /* Cartfile.resolved in Resources */,
				EB4F4C3C2141A45A00AA54F0 /* FZGMessageTableViewCell.xib in Resources */,
				EB4F4C282141827800AA54F0 /* FZGMainViewController.xib in Resources */,
				EB4F4C3821419FC300AA54F0 /* FZGMessageTitleTableViewCell.xib in Resources */,
				EB4F4C402142199900AA54F0 /* FZGMessageFooterTableViewCell.xib in Resources */,
				EBFBC65E213FD92F000CFD10 /* Assets.xcassets in Resources */,
				EBFBC659213FD92F000CFD10 /* Main.storyboard in Resources */,
			);
			runOnlyForDeploymentPostprocessing = 0;
		};
		EBFBC665213FD930000CFD10 /* Resources */ = {
			isa = PBXResourcesBuildPhase;
			buildActionMask = 2147483647;
			files = (
			);
			runOnlyForDeploymentPostprocessing = 0;
		};
		EBFBC670213FD930000CFD10 /* Resources */ = {
			isa = PBXResourcesBuildPhase;
			buildActionMask = 2147483647;
			files = (
			);
			runOnlyForDeploymentPostprocessing = 0;
		};
/* End PBXResourcesBuildPhase section */

/* Begin PBXShellScriptBuildPhase section */
		EBB7F7E321404F67009CA91D /* Copy Frameworks and DSYMs */ = {
			isa = PBXShellScriptBuildPhase;
			buildActionMask = 2147483647;
			files = (
			);
			inputPaths = (
				"$(SRCROOT)/Carthage/Build/iOS/Kingfisher.framework",
				"$(SRCROOT)/Carthage/Build/iOS/MBProgressHUD.framework",
				"$(SRCROOT)/Carthage/Build/iOS/Alamofire.framework",
				"$(SRCROOT)/Carthage/Build/iOS/SwiftyJSON.framework",
				"$(SRCROOT)/Carthage/Build/iOS/IQKeyboardManagerSwift.framework",
				"$(SRCROOT)/Carthage/Build/iOS/SnapKit.framework",
				"$(SRCROOT)/Carthage/Build/iOS/Cartography.framework",
				"$(SRCROOT)/Carthage/Build/iOS/CocoaLumberjackSwift.framework",
				"$(SRCROOT)/Carthage/Build/iOS/CocoaLumberjack.framework",
			);
			name = "Copy Frameworks and DSYMs";
			outputPaths = (
			);
			runOnlyForDeploymentPostprocessing = 0;
			shellPath = /bin/sh;
			shellScript = "# to run locally, replace with $(BUILT_PRODUCTS_DIR)/WireSyncEngine.framework\n/usr/local/bin/carthage copy-frameworks";
		};
/* End PBXShellScriptBuildPhase section */

/* Begin PBXSourcesBuildPhase section */
		EBFBC64C213FD92F000CFD10 /* Sources */ = {
			isa = PBXSourcesBuildPhase;
			buildActionMask = 2147483647;
			files = (
				EB4F4C3B2141A45A00AA54F0 /* FZGMessageTableViewCell.swift in Sources */,
				EB4F4C122141222900AA54F0 /* FZGNetManager.swift in Sources */,
				EB4F4C3F2142199900AA54F0 /* FZGMessageFooterTableViewCell.swift in Sources */,
				EB4F4C2421417E9F00AA54F0 /* UIViewController+Nav.swift in Sources */,
				EB4F4C1F214130F000AA54F0 /* FZGNavigationViewController.swift in Sources */,
				EBFBC656213FD92F000CFD10 /* ViewController.swift in Sources */,
				EB4F4C272141827800AA54F0 /* FZGMainViewController.swift in Sources */,
				EBFBC654213FD92F000CFD10 /* AppDelegate.swift in Sources */,
				EBB7F7DE214047A6009CA91D /* FZGLoginViewController.swift in Sources */,
				EB4F4C212141322100AA54F0 /* UIImage+Color.swift in Sources */,
				EBB7F7E221404E58009CA91D /* UIColor+Hex.swift in Sources */,
				EB4F4C0E21411F4F00AA54F0 /* HUD.swift in Sources */,
				EBFBC65C213FD92F000CFD10 /* fzg.xcdatamodeld in Sources */,
				EB4F4C3721419FC300AA54F0 /* FZGMessageTitleTableViewCell.swift in Sources */,
				EB4F4C2C214195C200AA54F0 /* FZGMessageDetailViewController.swift in Sources */,
				EBB7F7E02140496B009CA91D /* FZGLaunchViewController.swift in Sources */,
				EB4F4C1021411FFE00AA54F0 /* ScreenInfo.swift in Sources */,
				EB4F4C2A21418BFA00AA54F0 /* FZGMessageCenterViewController.swift in Sources */,
			);
			runOnlyForDeploymentPostprocessing = 0;
		};
		EBFBC663213FD930000CFD10 /* Sources */ = {
			isa = PBXSourcesBuildPhase;
			buildActionMask = 2147483647;
			files = (
				EBFBC66C213FD930000CFD10 /* fzgTests.swift in Sources */,
			);
			runOnlyForDeploymentPostprocessing = 0;
		};
		EBFBC66E213FD930000CFD10 /* Sources */ = {
			isa = PBXSourcesBuildPhase;
			buildActionMask = 2147483647;
			files = (
				EBFBC677213FD930000CFD10 /* fzgUITests.swift in Sources */,
			);
			runOnlyForDeploymentPostprocessing = 0;
		};
/* End PBXSourcesBuildPhase section */

/* Begin PBXTargetDependency section */
		EBFBC669213FD930000CFD10 /* PBXTargetDependency */ = {
			isa = PBXTargetDependency;
			target = EBFBC64F213FD92F000CFD10 /* fzg */;
			targetProxy = EBFBC668213FD930000CFD10 /* PBXContainerItemProxy */;
		};
		EBFBC674213FD930000CFD10 /* PBXTargetDependency */ = {
			isa = PBXTargetDependency;
			target = EBFBC64F213FD92F000CFD10 /* fzg */;
			targetProxy = EBFBC673213FD930000CFD10 /* PBXContainerItemProxy */;
		};
/* End PBXTargetDependency section */

/* Begin PBXVariantGroup section */
		EBFBC657213FD92F000CFD10 /* Main.storyboard */ = {
			isa = PBXVariantGroup;
			children = (
				EBFBC658213FD92F000CFD10 /* Base */,
			);
			name = Main.storyboard;
			sourceTree = "<group>";
		};
		EBFBC65F213FD92F000CFD10 /* LaunchScreen.storyboard */ = {
			isa = PBXVariantGroup;
			children = (
				EBFBC660213FD92F000CFD10 /* Base */,
			);
			name = LaunchScreen.storyboard;
			sourceTree = "<group>";
		};
/* End PBXVariantGroup section */

/* Begin XCBuildConfiguration section */
		EBFBC679213FD930000CFD10 /* Debug */ = {
			isa = XCBuildConfiguration;
			buildSettings = {
				ALWAYS_SEARCH_USER_PATHS = NO;
				CLANG_ANALYZER_NONNULL = YES;
				CLANG_ANALYZER_NUMBER_OBJECT_CONVERSION = YES_AGGRESSIVE;
				CLANG_CXX_LANGUAGE_STANDARD = "gnu++14";
				CLANG_CXX_LIBRARY = "libc++";
				CLANG_ENABLE_MODULES = YES;
				CLANG_ENABLE_OBJC_ARC = YES;
				CLANG_WARN_BLOCK_CAPTURE_AUTORELEASING = YES;
				CLANG_WARN_BOOL_CONVERSION = YES;
				CLANG_WARN_COMMA = YES;
				CLANG_WARN_CONSTANT_CONVERSION = YES;
				CLANG_WARN_DIRECT_OBJC_ISA_USAGE = YES_ERROR;
				CLANG_WARN_DOCUMENTATION_COMMENTS = YES;
				CLANG_WARN_EMPTY_BODY = YES;
				CLANG_WARN_ENUM_CONVERSION = YES;
				CLANG_WARN_INFINITE_RECURSION = YES;
				CLANG_WARN_INT_CONVERSION = YES;
				CLANG_WARN_NON_LITERAL_NULL_CONVERSION = YES;
				CLANG_WARN_OBJC_LITERAL_CONVERSION = YES;
				CLANG_WARN_OBJC_ROOT_CLASS = YES_ERROR;
				CLANG_WARN_RANGE_LOOP_ANALYSIS = YES;
				CLANG_WARN_STRICT_PROTOTYPES = YES;
				CLANG_WARN_SUSPICIOUS_MOVE = YES;
				CLANG_WARN_UNGUARDED_AVAILABILITY = YES_AGGRESSIVE;
				CLANG_WARN_UNREACHABLE_CODE = YES;
				CLANG_WARN__DUPLICATE_METHOD_MATCH = YES;
				CODE_SIGN_IDENTITY = "iPhone Developer";
				COPY_PHASE_STRIP = NO;
				DEBUG_INFORMATION_FORMAT = dwarf;
				ENABLE_STRICT_OBJC_MSGSEND = YES;
				ENABLE_TESTABILITY = YES;
				GCC_C_LANGUAGE_STANDARD = gnu11;
				GCC_DYNAMIC_NO_PIC = NO;
				GCC_NO_COMMON_BLOCKS = YES;
				GCC_OPTIMIZATION_LEVEL = 0;
				GCC_PREPROCESSOR_DEFINITIONS = (
					"DEBUG=1",
					"$(inherited)",
				);
				GCC_WARN_64_TO_32_BIT_CONVERSION = YES;
				GCC_WARN_ABOUT_RETURN_TYPE = YES_ERROR;
				GCC_WARN_UNDECLARED_SELECTOR = YES;
				GCC_WARN_UNINITIALIZED_AUTOS = YES_AGGRESSIVE;
				GCC_WARN_UNUSED_FUNCTION = YES;
				GCC_WARN_UNUSED_VARIABLE = YES;
				IPHONEOS_DEPLOYMENT_TARGET = 11.0;
				MTL_ENABLE_DEBUG_INFO = YES;
				ONLY_ACTIVE_ARCH = YES;
				SDKROOT = iphoneos;
				SWIFT_ACTIVE_COMPILATION_CONDITIONS = DEBUG;
				SWIFT_OPTIMIZATION_LEVEL = "-Onone";
			};
			name = Debug;
		};
		EBFBC67A213FD930000CFD10 /* Release */ = {
			isa = XCBuildConfiguration;
			buildSettings = {
				ALWAYS_SEARCH_USER_PATHS = NO;
				CLANG_ANALYZER_NONNULL = YES;
				CLANG_ANALYZER_NUMBER_OBJECT_CONVERSION = YES_AGGRESSIVE;
				CLANG_CXX_LANGUAGE_STANDARD = "gnu++14";
				CLANG_CXX_LIBRARY = "libc++";
				CLANG_ENABLE_MODULES = YES;
				CLANG_ENABLE_OBJC_ARC = YES;
				CLANG_WARN_BLOCK_CAPTURE_AUTORELEASING = YES;
				CLANG_WARN_BOOL_CONVERSION = YES;
				CLANG_WARN_COMMA = YES;
				CLANG_WARN_CONSTANT_CONVERSION = YES;
				CLANG_WARN_DIRECT_OBJC_ISA_USAGE = YES_ERROR;
				CLANG_WARN_DOCUMENTATION_COMMENTS = YES;
				CLANG_WARN_EMPTY_BODY = YES;
				CLANG_WARN_ENUM_CONVERSION = YES;
				CLANG_WARN_INFINITE_RECURSION = YES;
				CLANG_WARN_INT_CONVERSION = YES;
				CLANG_WARN_NON_LITERAL_NULL_CONVERSION = YES;
				CLANG_WARN_OBJC_LITERAL_CONVERSION = YES;
				CLANG_WARN_OBJC_ROOT_CLASS = YES_ERROR;
				CLANG_WARN_RANGE_LOOP_ANALYSIS = YES;
				CLANG_WARN_STRICT_PROTOTYPES = YES;
				CLANG_WARN_SUSPICIOUS_MOVE = YES;
				CLANG_WARN_UNGUARDED_AVAILABILITY = YES_AGGRESSIVE;
				CLANG_WARN_UNREACHABLE_CODE = YES;
				CLANG_WARN__DUPLICATE_METHOD_MATCH = YES;
				CODE_SIGN_IDENTITY = "iPhone Developer";
				COPY_PHASE_STRIP = NO;
				DEBUG_INFORMATION_FORMAT = "dwarf-with-dsym";
				ENABLE_NS_ASSERTIONS = NO;
				ENABLE_STRICT_OBJC_MSGSEND = YES;
				GCC_C_LANGUAGE_STANDARD = gnu11;
				GCC_NO_COMMON_BLOCKS = YES;
				GCC_WARN_64_TO_32_BIT_CONVERSION = YES;
				GCC_WARN_ABOUT_RETURN_TYPE = YES_ERROR;
				GCC_WARN_UNDECLARED_SELECTOR = YES;
				GCC_WARN_UNINITIALIZED_AUTOS = YES_AGGRESSIVE;
				GCC_WARN_UNUSED_FUNCTION = YES;
				GCC_WARN_UNUSED_VARIABLE = YES;
				IPHONEOS_DEPLOYMENT_TARGET = 11.0;
				MTL_ENABLE_DEBUG_INFO = NO;
				SDKROOT = iphoneos;
				SWIFT_OPTIMIZATION_LEVEL = "-Owholemodule";
				VALIDATE_PRODUCT = YES;
			};
			name = Release;
		};
		EBFBC67C213FD930000CFD10 /* Debug */ = {
			isa = XCBuildConfiguration;
			buildSettings = {
				ASSETCATALOG_COMPILER_APPICON_NAME = AppIcon;
				CODE_SIGN_ENTITLEMENTS = fzg/fzg.entitlements;
				CODE_SIGN_STYLE = Automatic;
				DEVELOPMENT_TEAM = Z476DGXU4Y;
				FRAMEWORK_SEARCH_PATHS = (
					"$(inherited)",
					"$(PROJECT_DIR)/Carthage/Build/iOS",
					"$(PROJECT_DIR)/OneSDK",
				);
				INFOPLIST_FILE = "$(SRCROOT)/fzg/Supporting Files/Info.plist";
				IPHONEOS_DEPLOYMENT_TARGET = 9.0;
				LD_RUNPATH_SEARCH_PATHS = "$(inherited) @executable_path/Frameworks";
				PRODUCT_BUNDLE_IDENTIFIER = com.fuiou.fzg;
				PRODUCT_NAME = "$(TARGET_NAME)";
				SWIFT_VERSION = 4.0;
				TARGETED_DEVICE_FAMILY = "1,2";
			};
			name = Debug;
		};
		EBFBC67D213FD930000CFD10 /* Release */ = {
			isa = XCBuildConfiguration;
			buildSettings = {
				ASSETCATALOG_COMPILER_APPICON_NAME = AppIcon;
				CODE_SIGN_ENTITLEMENTS = fzg/fzg.entitlements;
				CODE_SIGN_STYLE = Automatic;
				DEVELOPMENT_TEAM = Z476DGXU4Y;
				FRAMEWORK_SEARCH_PATHS = (
					"$(inherited)",
					"$(PROJECT_DIR)/Carthage/Build/iOS",
					"$(PROJECT_DIR)/OneSDK",
				);
				INFOPLIST_FILE = "$(SRCROOT)/fzg/Supporting Files/Info.plist";
				IPHONEOS_DEPLOYMENT_TARGET = 9.0;
				LD_RUNPATH_SEARCH_PATHS = "$(inherited) @executable_path/Frameworks";
				PRODUCT_BUNDLE_IDENTIFIER = com.fuiou.fzg;
				PRODUCT_NAME = "$(TARGET_NAME)";
				SWIFT_VERSION = 4.0;
				TARGETED_DEVICE_FAMILY = "1,2";
			};
			name = Release;
		};
		EBFBC67F213FD930000CFD10 /* Debug */ = {
			isa = XCBuildConfiguration;
			buildSettings = {
				ALWAYS_EMBED_SWIFT_STANDARD_LIBRARIES = YES;
				BUNDLE_LOADER = "$(TEST_HOST)";
				CODE_SIGN_STYLE = Automatic;
				DEVELOPMENT_TEAM = Z476DGXU4Y;
				INFOPLIST_FILE = fzgTests/Info.plist;
				LD_RUNPATH_SEARCH_PATHS = "$(inherited) @executable_path/Frameworks @loader_path/Frameworks";
				PRODUCT_BUNDLE_IDENTIFIER = com.fuiou.fzgTests;
				PRODUCT_NAME = "$(TARGET_NAME)";
				SWIFT_VERSION = 4.0;
				TARGETED_DEVICE_FAMILY = "1,2";
				TEST_HOST = "$(BUILT_PRODUCTS_DIR)/fzg.app/fzg";
			};
			name = Debug;
		};
		EBFBC680213FD930000CFD10 /* Release */ = {
			isa = XCBuildConfiguration;
			buildSettings = {
				ALWAYS_EMBED_SWIFT_STANDARD_LIBRARIES = YES;
				BUNDLE_LOADER = "$(TEST_HOST)";
				CODE_SIGN_STYLE = Automatic;
				DEVELOPMENT_TEAM = Z476DGXU4Y;
				INFOPLIST_FILE = fzgTests/Info.plist;
				LD_RUNPATH_SEARCH_PATHS = "$(inherited) @executable_path/Frameworks @loader_path/Frameworks";
				PRODUCT_BUNDLE_IDENTIFIER = com.fuiou.fzgTests;
				PRODUCT_NAME = "$(TARGET_NAME)";
				SWIFT_VERSION = 4.0;
				TARGETED_DEVICE_FAMILY = "1,2";
				TEST_HOST = "$(BUILT_PRODUCTS_DIR)/fzg.app/fzg";
			};
			name = Release;
		};
		EBFBC682213FD930000CFD10 /* Debug */ = {
			isa = XCBuildConfiguration;
			buildSettings = {
				ALWAYS_EMBED_SWIFT_STANDARD_LIBRARIES = YES;
				CODE_SIGN_STYLE = Automatic;
				DEVELOPMENT_TEAM = Z476DGXU4Y;
				INFOPLIST_FILE = fzgUITests/Info.plist;
				LD_RUNPATH_SEARCH_PATHS = "$(inherited) @executable_path/Frameworks @loader_path/Frameworks";
				PRODUCT_BUNDLE_IDENTIFIER = com.fuiou.fzgUITests;
				PRODUCT_NAME = "$(TARGET_NAME)";
				SWIFT_VERSION = 4.0;
				TARGETED_DEVICE_FAMILY = "1,2";
				TEST_TARGET_NAME = fzg;
			};
			name = Debug;
		};
		EBFBC683213FD930000CFD10 /* Release */ = {
			isa = XCBuildConfiguration;
			buildSettings = {
				ALWAYS_EMBED_SWIFT_STANDARD_LIBRARIES = YES;
				CODE_SIGN_STYLE = Automatic;
				DEVELOPMENT_TEAM = Z476DGXU4Y;
				INFOPLIST_FILE = fzgUITests/Info.plist;
				LD_RUNPATH_SEARCH_PATHS = "$(inherited) @executable_path/Frameworks @loader_path/Frameworks";
				PRODUCT_BUNDLE_IDENTIFIER = com.fuiou.fzgUITests;
				PRODUCT_NAME = "$(TARGET_NAME)";
				SWIFT_VERSION = 4.0;
				TARGETED_DEVICE_FAMILY = "1,2";
				TEST_TARGET_NAME = fzg;
			};
			name = Release;
		};
/* End XCBuildConfiguration section */

/* Begin XCConfigurationList section */
		EBFBC64B213FD92F000CFD10 /* Build configuration list for PBXProject "fzg" */ = {
			isa = XCConfigurationList;
			buildConfigurations = (
				EBFBC679213FD930000CFD10 /* Debug */,
				EBFBC67A213FD930000CFD10 /* Release */,
			);
			defaultConfigurationIsVisible = 0;
			defaultConfigurationName = Release;
		};
		EBFBC67B213FD930000CFD10 /* Build configuration list for PBXNativeTarget "fzg" */ = {
			isa = XCConfigurationList;
			buildConfigurations = (
				EBFBC67C213FD930000CFD10 /* Debug */,
				EBFBC67D213FD930000CFD10 /* Release */,
			);
			defaultConfigurationIsVisible = 0;
			defaultConfigurationName = Release;
		};
		EBFBC67E213FD930000CFD10 /* Build configuration list for PBXNativeTarget "fzgTests" */ = {
			isa = XCConfigurationList;
			buildConfigurations = (
				EBFBC67F213FD930000CFD10 /* Debug */,
				EBFBC680213FD930000CFD10 /* Release */,
			);
			defaultConfigurationIsVisible = 0;
			defaultConfigurationName = Release;
		};
		EBFBC681213FD930000CFD10 /* Build configuration list for PBXNativeTarget "fzgUITests" */ = {
			isa = XCConfigurationList;
			buildConfigurations = (
				EBFBC682213FD930000CFD10 /* Debug */,
				EBFBC683213FD930000CFD10 /* Release */,
			);
			defaultConfigurationIsVisible = 0;
			defaultConfigurationName = Release;
		};
/* End XCConfigurationList section */

/* Begin XCVersionGroup section */
		EBFBC65A213FD92F000CFD10 /* fzg.xcdatamodeld */ = {
			isa = XCVersionGroup;
			children = (
				EBFBC65B213FD92F000CFD10 /* fzg.xcdatamodel */,
			);
			currentVersion = EBFBC65B213FD92F000CFD10 /* fzg.xcdatamodel */;
			path = fzg.xcdatamodeld;
			sourceTree = "<group>";
			versionGroupType = wrapper.xcdatamodel;
		};
/* End XCVersionGroup section */
	};
	rootObject = EBFBC648213FD92F000CFD10 /* Project object */;
}
